
Microsoft Visual Studio Solution File, Format Version 12.00
# Visual Studio 2013
VisualStudioVersion = 12.0.40629.0
MinimumVisualStudioVersion = 10.0.40219.1
Project("{FAE04EC0-301F-11D3-BF4B-00C04F79EFBC}") = "MvcMusicStore", "MvcMusicStore\MvcMusicStore.csproj", "{DF483BB4-07A6-4844-A843-6348EA96BF52}"
EndProject
Project("{FAE04EC0-301F-11D3-BF4B-00C04F79EFBC}") = "MvcMusicStore.Tests", "MvcMusicStore.Tests\MvcMusicStore.Tests.csproj", "{192F93D4-376A-435A-A7F3-65742975A082}"
EndProject
Global
	GlobalSection(SolutionConfigurationPlatforms) = preSolution
		Debug|Any CPU = Debug|Any CPU
		Release|Any CPU = Release|Any CPU
	EndGlobalSection
	GlobalSection(ProjectConfigurationPlatforms) = postSolution
		{DF483BB4-07A6-4844-A843-6348EA96BF52}.Debug|Any CPU.ActiveCfg = Debug|Any CPU
		{DF483BB4-07A6-4844-A843-6348EA96BF52}.Debug|Any CPU.Build.0 = Debug|Any CPU
		{DF483BB4-07A6-4844-A843-6348EA96BF52}.Release|Any CPU.ActiveCfg = Release|Any CPU
		{DF483BB4-07A6-4844-A843-6348EA96BF52}.Release|Any CPU.Build.0 = Release|Any CPU
		{192F93D4-376A-435A-A7F3-65742975A082}.Debug|Any CPU.ActiveCfg = Debug|Any CPU
		{192F93D4-376A-435A-A7F3-65742975A082}.Debug|Any CPU.Build.0 = Debug|Any CPU
		{192F93D4-376A-435A-A7F3-65742975A082}.Release|Any CPU.ActiveCfg = Release|Any CPU
		{192F93D4-376A-435A-A7F3-65742975A082}.Release|Any CPU.Build.0 = Release|Any CPU
	EndGlobalSection
	GlobalSection(SolutionProperties) = preSolution
		HideSolutionNode = FALSE
	EndGlobalSection
EndGlobal
